FORGE
  remote: https://forgeapi.puppetlabs.com
  specs:
    alup-rbenv (1.2.0)
    domcleal-augeasproviders (1.2.0)
      puppetlabs-stdlib (< 5.0.0, >= 3.2.0)
    erwbgy-ssh (0.2.1)
      domcleal-augeasproviders (>= 0.5.1)
    jbeard-nfs (0.1.7)
      jbeard-portmap (>= 0.1.6)
      puppetlabs-concat (>= 1.0.0)
      puppetlabs-stdlib (>= 4.0.0)
    jbeard-portmap (0.1.6)
      puppetlabs-stdlib (>= 4.0.0)
    mthibaut-users (1.0.11)
      puppetlabs-stdlib (>= 0)
    puppetlabs-apache (1.1.1)
      puppetlabs-concat (>= 1.0.0)
      puppetlabs-stdlib (>= 2.4.0)
    puppetlabs-apt (1.6.0)
      puppetlabs-stdlib (>= 2.2.1)
    puppetlabs-concat (1.1.0)
      puppetlabs-stdlib (>= 4.0.0)
    puppetlabs-firewall (1.1.3)
    puppetlabs-java (1.1.1)
      puppetlabs-stdlib (>= 0.1.6)
    puppetlabs-mysql (2.3.1)
      puppetlabs-stdlib (>= 3.2.0)
    puppetlabs-postgresql (3.4.2)
      puppetlabs-apt (< 2.0.0, >= 1.1.0)
      puppetlabs-concat (< 2.0.0, >= 1.0.0)
      puppetlabs-firewall (>= 0.0.4)
      puppetlabs-stdlib (< 5.0.0, >= 3.2.0)
    puppetlabs-stdlib (4.3.2)
    puppetlabs-vcsrepo (1.1.0)
    ripienaar-concat (0.2.0)
    thomasvandoren-etckeeper (0.0.9)

GIT
  remote: git://github.com/ngiger/puppet-samba.git
  ref: master
  sha: 98491a3d14c3de4951a1fe0c5521dea0302d84b2
  specs:
    ajjahn-samba (0.1.2)

PATH
  remote: puppet-cockpit
  specs:
    ngiger-cockpit (0.1.0)
      alup-rbenv (>= 1.2)
      puppetlabs-vcsrepo (>= 1.0.0)

PATH
  remote: puppet-desktop
  specs:
    ngiger-desktop (0.1.0)
      puppetlabs-stdlib (>= 0)

PATH
  remote: puppet-dnsmasq
  specs:
    ngiger-dnsmasq (0.1.0)
      puppetlabs-apt (>= 1.0.0)

PATH
  remote: puppet-elexis
  specs:
    ngiger-elexis (0.1.0)
      puppetlabs-apt (>= 1.0.0)

PATH
  remote: puppet-luks_backup
  specs:
    ngiger-luks_backup (0.1.0)

PATH
  remote: puppet-x2go
  specs:
    ngiger-x2go (0.1.3)
      puppetlabs-apt (>= 1.0.0)

DEPENDENCIES
  ajjahn-samba (>= 0)
  domcleal-augeasproviders (>= 0)
  erwbgy-ssh (>= 0)
  jbeard-nfs (>= 0)
  mthibaut-users (>= 0)
  ngiger-cockpit (>= 0)
  ngiger-desktop (>= 0)
  ngiger-dnsmasq (>= 0)
  ngiger-elexis (>= 0)
  ngiger-luks_backup (>= 0)
  ngiger-x2go (>= 0)
  puppetlabs-apache (>= 0)
  puppetlabs-apt (>= 0)
  puppetlabs-java (>= 0)
  puppetlabs-mysql (>= 0)
  puppetlabs-postgresql (>= 0)
  ripienaar-concat (>= 0)
  thomasvandoren-etckeeper (>= 0)

