FORGE
  remote: https://forgeapi.puppetlabs.com
  specs:
    darin/zypprepo (1.0.1)
    domcleal/augeasproviders (1.2.0)
      puppetlabs/stdlib (< 5.0.0, >= 3.2.0)
    erwbgy/ssh (0.2.1)
      domcleal/augeasproviders (>= 0.5.1)
    maestrodev/rvm (1.5.9)
      puppetlabs/stdlib (>= 3.2.0)
    mthibaut/users (1.0.11)
      puppetlabs/stdlib (>= 0)
    puppetlabs/apache (1.1.0)
      puppetlabs/concat (>= 1.0.0)
      puppetlabs/stdlib (>= 2.4.0)
    puppetlabs/apt (1.5.0)
      puppetlabs/stdlib (>= 2.2.1)
    puppetlabs/concat (1.1.0)
      puppetlabs/stdlib (>= 4.0.0)
    puppetlabs/firewall (1.1.2)
    puppetlabs/java (1.1.1)
      puppetlabs/stdlib (>= 0.1.6)
    puppetlabs/mongodb (0.8.0)
      puppetlabs/apt (>= 1.0.0)
      puppetlabs/stdlib (>= 2.2.0)
    puppetlabs/mysql (2.2.3)
      puppetlabs/stdlib (>= 3.2.0)
    puppetlabs/nodejs (0.6.0)
      puppetlabs/apt (>= 0.0.3)
      puppetlabs/stdlib (>= 2.0.0)
    puppetlabs/postgresql (3.4.0)
      puppetlabs/apt (< 2.0.0, >= 1.1.0)
      puppetlabs/concat (< 2.0.0, >= 1.0.0)
      puppetlabs/firewall (>= 0.0.4)
      puppetlabs/stdlib (< 5.0.0, >= 3.2.0)
    puppetlabs/ruby (0.2.0)
      puppetlabs/stdlib (< 5.0.0, >= 3.2.0)
    puppetlabs/stdlib (4.2.2)
    puppetlabs/tftp (0.2.1)
      puppetlabs/xinetd (>= 1.1.0)
    puppetlabs/vcsrepo (1.0.2)
    puppetlabs/xinetd (1.3.0)
      puppetlabs/stdlib (>= 2.2.1)
    ripienaar/concat (0.2.0)
    rtyler/jenkins (1.1.0)
      darin/zypprepo (>= 1.0.1)
      puppetlabs/apt (>= 0.0.3)
      puppetlabs/java (>= 1.0.1)
      puppetlabs/stdlib (>= 2.0.0)
    saz/resolv_conf (3.0.0)
    saz/sudo (3.0.6)
      puppetlabs/stdlib (>= 2.3.0)
    thomasvandoren/etckeeper (0.0.8)

PATH
  remote: ./puppet-dnsmasqplus
  specs:
    ngiger/dnsmasqplus (0.1.0)
      puppetlabs/apt (>= 1.0.0)

PATH
  remote: ./puppet-luks_backup
  specs:
    ngiger/luks_backup (0.1.0)

PATH
  remote: ./puppet-x2go
  specs:
    ngiger/x2go (0.1.3)
      puppetlabs/apt (>= 1.0.0)

PATH
  remote: ./static-modules/cockpit
  specs:
    ngiger/cockpit (0.0.1)

PATH
  remote: ./static-modules/eclipse
  specs:
    ngiger/eclipse (0.0.1)

PATH
  remote: ./static-modules/elexis
  specs:
    ngiger/elexis (0.9.9)
      puppetlabs/mongodb (>= 0.1.0)
      puppetlabs/nodejs (>= 0.1.1)
      puppetlabs/ruby (>= 0.0.2)
      puppetlabs/stdlib (>= 2.0.0)
      puppetlabs/tftp (>= 0.2.0)
      puppetlabs/vcsrepo (>= 0.0.5)
      saz/sudo (>= 2.0.0)

PATH
  remote: ./static-modules/jubula
  specs:
    ngiger/jubula (0.0.1)

PATH
  remote: ./static-modules/kde
  specs:
    ngiger/kde (0.0.1)

PATH
  remote: ./static-modules/ntp_demo
  specs:
    ngiger/ntp_demo (0.0.1)

PATH
  remote: puppet-samba
  specs:
    ajjahn/samba (0.1.2)

DEPENDENCIES
  ajjahn/samba (>= 0)
  domcleal/augeasproviders (>= 0)
  erwbgy/ssh (>= 0)
  maestrodev/rvm (>= 0)
  mthibaut/users (>= 0)
  ngiger/cockpit (>= 0)
  ngiger/dnsmasqplus (>= 0)
  ngiger/eclipse (>= 0)
  ngiger/elexis (>= 0)
  ngiger/jubula (>= 0)
  ngiger/kde (>= 0)
  ngiger/luks_backup (>= 0)
  ngiger/ntp_demo (>= 0)
  ngiger/x2go (>= 0)
  puppetlabs/apache (>= 0)
  puppetlabs/java (>= 0)
  puppetlabs/mysql (>= 0)
  puppetlabs/postgresql (>= 0)
  puppetlabs/vcsrepo (>= 0)
  ripienaar/concat (>= 0)
  rtyler/jenkins (>= 0)
  saz/resolv_conf (>= 0)
  thomasvandoren/etckeeper (>= 0)

