FORGE
  remote: https://forgeapi.puppetlabs.com
  specs:
    domcleal-augeasproviders (1.2.0)
      puppetlabs-stdlib (< 5.0.0, >= 3.2.0)
    erwbgy-ssh (0.2.1)
      domcleal-augeasproviders (>= 0.5.1)
    jbeard-nfs (0.1.7)
      jbeard-portmap (>= 0.1.6)
      puppetlabs-concat (>= 1.0.0)
      puppetlabs-stdlib (>= 4.0.0)
    jbeard-portmap (0.1.7)
      puppetlabs-stdlib (>= 4.0.0)
    jbussdieker-daemontools (0.0.3)
    jdowning-rbenv (1.3.0)
      puppetlabs-git (>= 0.0.3)
      puppetlabs-stdlib (>= 4.1.0)
    maestrodev-wget (1.5.6)
    mthibaut-users (1.0.11)
      puppetlabs-stdlib (>= 0)
    puppetlabs-apache (1.1.1)
      puppetlabs-concat (>= 1.0.0)
      puppetlabs-stdlib (>= 2.4.0)
    puppetlabs-apt (1.6.0)
      puppetlabs-stdlib (>= 2.2.1)
    puppetlabs-concat (1.1.2)
      puppetlabs-stdlib (< 5.0.0, >= 3.2.0)
    puppetlabs-git (0.2.0)
      puppetlabs-vcsrepo (>= 0.1.0)
    puppetlabs-java (1.1.2)
      puppetlabs-stdlib (>= 2.4.0)
    puppetlabs-mysql (2.3.1)
      puppetlabs-stdlib (>= 3.2.0)
    puppetlabs-postgresql (4.0.0)
      puppetlabs-apt (< 2.0.0, >= 1.1.0)
      puppetlabs-concat (< 2.0.0, >= 1.1.0)
      puppetlabs-stdlib (~> 4.0)
    puppetlabs-stdlib (4.3.2)
    puppetlabs-vcsrepo (1.1.0)
    ripienaar-concat (0.2.0)
    thias-fooacl (1.0.0)
      puppetlabs-concat (>= 0)
    thias-samba (0.1.4)
    thomasvandoren-etckeeper (0.0.9)

GIT
  remote: https://github.com/mxhero/puppet-dovecot
  ref: master
  sha: 9ef67c88feed416a20557c6a5c4609c63a579153
  specs:
    mxhero-dovecot (0.1.0)

GIT
  remote: https://github.com/ngiger/puppet-cockpit.git
  ref: master
  sha: f4263df6b96e4a27bf0ba25fddad1822a094fc63
  specs:
    ngiger-cockpit (0.1.0)
      jbussdieker-daemontools (>= 0.0.3)
      puppetlabs-apt (>= 1.0.0)
      puppetlabs-vcsrepo (>= 1.0.0)

GIT
  remote: https://github.com/ngiger/puppet-desktop.git
  ref: master
  sha: eb86df99cd4ae0d7946dd9378d4c2a5e906a6b45
  specs:
    ngiger-desktop (0.1.0)
      puppetlabs-stdlib (>= 0)

GIT
  remote: https://github.com/ngiger/puppet-dnsmasq.git
  ref: master
  sha: 46f2db9a5ce01588e57a6f70d5218b7bfa894f84
  specs:
    ngiger-dnsmasq (0.1.0)
      puppetlabs-apt (>= 1.0.0)

GIT
  remote: https://github.com/ngiger/puppet-elexis.git
  ref: master
  sha: b84649ebcdc8d958254039545f363532800b40b4
  specs:
    ngiger-elexis (0.1.0)
      erwbgy-ssh (>= 0.2.0)
      loic-rsnapshot (>= 1.0.0)
      maestrodev-wget (>= 1.0.0)
      puppetlabs-apt (>= 1.0.0)
      puppetlabs-concat (>= 1.0.0)
      puppetlabs-java (>= 1.0.0)
      puppetlabs-mysql (>= 1.0.0)
      puppetlabs-postgresql (>= 1.0.0)
      puppetlabs-vcsrepo (>= 1.0.0)
      thias-samba (>= 0.1.4)

GIT
  remote: https://github.com/ngiger/puppet-hinmail.git
  ref: master
  sha: f6498a85428b57bf93ab44f970d5b7140d50a604
  specs:
    ngiger-hinmail (0.1.0)
      puppetlabs-apache (>= 1.0.0)
      puppetlabs-apt (>= 1.0.0)
      puppetlabs-concat (>= 1.0.0)
      puppetlabs-stdlib (>= 2.4.0)

GIT
  remote: https://github.com/ngiger/puppet-hylafax.git
  ref: master
  sha: 21457efe93e3e60de90b5a84821eec340880a494
  specs:
    ngiger-hylafax (0.1.0)
      thias-fooacl (>= 1.0.0)

GIT
  remote: https://github.com/ngiger/puppet-luks_backup.git
  ref: master
  sha: caf9119a00746eb6e8dcd0bee11f2906a9449069
  specs:
    ngiger-luks_backup (0.1.0)

GIT
  remote: https://github.com/ngiger/puppet-rsnapshot.git
  ref: master
  sha: 37830c481ac7d61686d520e5fe6c4a7504b824d8
  specs:
    loic-rsnapshot (1.2.0)
      puppetlabs-stdlib (>= 2.0.0)

GIT
  remote: https://github.com/ngiger/puppet-x2go.git
  ref: master
  sha: d9db7018fe5327648148923fe8f1b993b744726f
  specs:
    ngiger-x2go (0.1.3)
      puppetlabs-apt (>= 1.0.0)

DEPENDENCIES
  domcleal-augeasproviders (>= 0)
  erwbgy-ssh (>= 0)
  jbeard-nfs (>= 0)
  jbeard-portmap (>= 0)
  jbussdieker-daemontools (>= 0)
  jdowning-rbenv (>= 0)
  loic-rsnapshot (>= 0)
  maestrodev-wget (>= 0)
  mthibaut-users (>= 0)
  mxhero-dovecot (>= 0)
  ngiger-cockpit (>= 0)
  ngiger-desktop (>= 0)
  ngiger-dnsmasq (>= 0)
  ngiger-elexis (>= 0)
  ngiger-hinmail (>= 0)
  ngiger-hylafax (>= 0)
  ngiger-luks_backup (>= 0)
  ngiger-x2go (>= 0)
  puppetlabs-apache (>= 0)
  puppetlabs-apt (>= 0)
  puppetlabs-git (>= 0)
  puppetlabs-java (>= 0)
  puppetlabs-mysql (>= 0)
  puppetlabs-postgresql (>= 0)
  puppetlabs-stdlib (>= 0)
  puppetlabs-vcsrepo (>= 0)
  ripienaar-concat (>= 0)
  thias-fooacl (>= 0)
  thias-samba (>= 0)
  thomasvandoren-etckeeper (>= 0)

